{
  "version": 2,
  "packages": {
    "ws": {
      "version": "0.5.0",
      "vcsRevision": "9536bf99ddf5948db221ccb7bb3663aa238a8e21",
      "url": "https://github.com/treeform/ws",
      "downloadMethod": "git",
      "dependencies": [],
      "checksums": {
        "sha1": "ae4daf4ae302d0431f3c2d385ae9d2fe767a3246"
      }
    },
    "wepoll": {
      "version": "0.1.0",
      "vcsRevision": "c49c3280130bb724f1601b1d42f5b7deabad3198",
      "url": "https://github.com/ringabout/wepoll",
      "downloadMethod": "git",
      "dependencies": [],
      "checksums": {
        "sha1": "6a38977b5ca3949d853caa81be56dc65f463309e"
      }
    },
    "ioselectors": {
      "version": "0.1.8",
      "vcsRevision": "6fcdbf3fddeb239885cd8bce15a0ab63c00647c0",
      "url": "https://github.com/ringabout/ioselectors",
      "downloadMethod": "git",
      "dependencies": [
        "wepoll"
      ],
      "checksums": {
        "sha1": "762d1951145184bf95a3ac57d94cf9537a372955"
      }
    },
    "nimpy": {
      "version": "0.2.0",
      "vcsRevision": "07e1d8a1f1348a1acdad91ed77d317d2d3712b8d",
      "url": "https://github.com/yglukhov/nimpy",
      "downloadMethod": "git",
      "dependencies": [],
      "checksums": {
        "sha1": "fb4ac75c25a76340c14a0d45b356c4598e03aea6"
      }
    },
    "httpx": {
      "version": "0.3.7",
      "vcsRevision": "9fab2c3c387e39ecf27129d390ff635eab9d10a3",
      "url": "https://github.com/ringabout/httpx",
      "downloadMethod": "git",
      "dependencies": [
        "ioselectors"
      ],
      "checksums": {
        "sha1": "6e0fc3133fbd20530d53ab2792e93d3151387b10"
      }
    },
    "picohttpparser": {
      "version": "0.11.0",
      "vcsRevision": "2e1e6d9c00aa4ab8da1641274baa1729691ea03c",
      "url": "https://github.com/philip-wernersbach/nim-picohttpparser",
      "downloadMethod": "git",
      "dependencies": [],
      "checksums": {
        "sha1": "c2d6230ed5157d5745411d34f686f224c2334201"
      }
    },
    "sha1": {
      "version": "1.1",
      "vcsRevision": "92ccc5800bb0ac4865b275a2ce3c1544e98b48bc",
      "url": "https://github.com/onionhammer/sha1",
      "downloadMethod": "git",
      "dependencies": [],
      "checksums": {
        "sha1": "2610d27cf248adf98fd9b86e906eb87781ba9d8c"
      }
    },
    "websocketx": {
      "version": "0.1.2",
      "vcsRevision": "b0ea475e3c50a31cc45cd7031f76707b55d7ebb4",
      "url": "https://github.com/ringabout/websocketx",
      "downloadMethod": "git",
      "dependencies": [
        "ws",
        "httpx"
      ],
      "checksums": {
        "sha1": "360af04be0163e1a56eadf7106564602a0bf1cfe"
      }
    },
    "nimcrypto": {
      "version": "0.6.0",
      "vcsRevision": "a079df92424968d46a6ac258299ce9380aa153f2",
      "url": "https://github.com/cheatfate/nimcrypto",
      "downloadMethod": "git",
      "dependencies": [],
      "checksums": {
        "sha1": "be9a4654dd5839b97f39d5060d98f18ba868623c"
      }
    },
    "websocket": {
      "version": "0.5.2",
      "vcsRevision": "405f49382fbd482901a3d72bd7775569ae433413",
      "url": "https://github.com/niv/websocket.nim",
      "downloadMethod": "git",
      "dependencies": [],
      "checksums": {
        "sha1": "295fee0e5faeb3cd1b0c4aa2c9bd97c526696618"
      }
    },
    "illwill": {
      "version": "0.3.1",
      "vcsRevision": "2fe96f5c5a6e216e84554d92090ce3d47460667a",
      "url": "https://github.com/johnnovak/illwill",
      "downloadMethod": "git",
      "dependencies": [],
      "checksums": {
        "sha1": "ecec6c88a8f0d7e06e4ca6a4405206845357e737"
      }
    },
    "asynctools": {
      "version": "0.1.1",
      "vcsRevision": "0e6bdc3ed5bae8c7cc9e03cfbf66b7c882a908a7",
      "url": "https://github.com/cheatfate/asynctools",
      "downloadMethod": "git",
      "dependencies": [],
      "checksums": {
        "sha1": "54314dceabb06b20908ecb0f2c007e9ff3aaa054"
      }
    },
    "httpbeast": {
      "version": "0.4.2",
      "vcsRevision": "75008aaba497479df4023d52880086deae6385e3",
      "url": "https://github.com/dom96/httpbeast",
      "downloadMethod": "git",
      "dependencies": [
        "asynctools"
      ],
      "checksums": {
        "sha1": "ceacc8345c9513bd69c4bdb36dd2cb270e8614c4"
      }
    },
    "cligen": {
      "version": "1.6.17",
      "vcsRevision": "6f6cd154e88b33a21183e8f07edd253cf6dc00df",
      "url": "https://github.com/c-blake/cligen.git",
      "downloadMethod": "git",
      "dependencies": [],
      "checksums": {
        "sha1": "a7d0dcd86419c0f53363c8dd02e9afb3dc9e8890"
      }
    },
    "unicodedb": {
      "version": "0.12.0",
      "vcsRevision": "b055310c08db8f879057b4fec15c8301ee93bb2a",
      "url": "https://github.com/nitely/nim-unicodedb",
      "downloadMethod": "git",
      "dependencies": [],
      "checksums": {
        "sha1": "4452416471e2fe8726eb6070ed6ea7368171cc09"
      }
    },
    "regex": {
      "version": "0.21.0",
      "vcsRevision": "199e696a1b0e0db72e2e5a657926e5b944e6ae2d",
      "url": "https://github.com/nitely/nim-regex",
      "downloadMethod": "git",
      "dependencies": [
        "unicodedb"
      ],
      "checksums": {
        "sha1": "e721938908feadfcf2c98582a4261df3fd98fbf1"
      }
    },
    "microasynchttpserver": {
      "version": "0.11.0",
      "vcsRevision": "2f2065143261e6cf07a8f45f4e8ef38575657745",
      "url": "https://github.com/philip-wernersbach/microasynchttpserver",
      "downloadMethod": "git",
      "dependencies": [
        "picohttpparser"
      ],
      "checksums": {
        "sha1": "21f3f977f681946cc87bad8fbccc279d109f1ccb"
      }
    },
    "nimja": {
      "version": "0.8.7",
      "vcsRevision": "2ab66e6520e0b0ec89d4f196e5daf84876c01488",
      "url": "https://github.com/enthus1ast/nimja",
      "downloadMethod": "git",
      "dependencies": [],
      "checksums": {
        "sha1": "a15b5860fb1926e682faf004ec1efc1d655d9b09"
      }
    },
    "oauth": {
      "version": "0.10",
      "vcsRevision": "2609e710ab76e61a503560b73618fc24eb97e8f9",
      "url": "https://github.com/CORDEA/oauth",
      "downloadMethod": "git",
      "dependencies": [
        "sha1"
      ],
      "checksums": {
        "sha1": "f37e5081bbb2eccdd6a8a1073161175e39467ca7"
      }
    },
    "happyx": {
      "version": "3.5.2",
      "vcsRevision": "e5f0dcd87ea883436187cb7accf5d3efaa4d9682",
      "url": "https://github.com/HapticX/happyx",
      "downloadMethod": "git",
      "dependencies": [
        "cligen",
        "illwill",
        "regex",
        "httpx",
        "microasynchttpserver",
        "httpbeast",
        "nimja",
        "websocket",
        "websocketx",
        "nimcrypto",
        "oauth",
        "nimpy"
      ],
      "checksums": {
        "sha1": "4d30fd0b42b2f8c35bf725ecd33df5c741fdb267"
      }
    },
    "simple_parseopt": {
      "version": "1.1.1",
      "vcsRevision": "519b1fcc9f554782953b2fe6cd4615d3ae2c3056",
      "url": "https://github.com/onelivesleft/simple_parseopt",
      "downloadMethod": "git",
      "dependencies": [],
      "checksums": {
        "sha1": "2ce1eb08402f2162847cb739f191535fc146b548"
      }
    }
  },
  "tasks": {}
}
